
Microsoft Visual Studio Solution File, Format Version 12.00
# Visual Studio Version 16
VisualStudioVersion = 16.0.31911.196
MinimumVisualStudioVersion = 10.0.40219.1
Project("{8BC9CEB8-8B4A-11D0-8D11-00A0C91BC942}") = "Minesweeper1", "Minesweeper1\Minesweeper1.vcxproj", "{7DCC411E-0F52-4232-8D74-84E5BE83DEE9}"
EndProject
Global
	GlobalSection(SolutionConfigurationPlatforms) = preSolution
		Debug|x64 = Debug|x64
		Debug|x86 = Debug|x86
		Release|x64 = Release|x64
		Release|x86 = Release|x86
	EndGlobalSection
	GlobalSection(ProjectConfigurationPlatforms) = postSolution
		{7DCC411E-0F52-4232-8D74-84E5BE83DEE9}.Debug|x64.ActiveCfg = Debug|x64
		{7DCC411E-0F52-4232-8D74-84E5BE83DEE9}.Debug|x64.Build.0 = Debug|x64
		{7DCC411E-0F52-4232-8D74-84E5BE83DEE9}.Debug|x86.ActiveCfg = Debug|Win32
		{7DCC411E-0F52-4232-8D74-84E5BE83DEE9}.Debug|x86.Build.0 = Debug|Win32
		{7DCC411E-0F52-4232-8D74-84E5BE83DEE9}.Release|x64.ActiveCfg = Release|x64
		{7DCC411E-0F52-4232-8D74-84E5BE83DEE9}.Release|x64.Build.0 = Release|x64
		{7DCC411E-0F52-4232-8D74-84E5BE83DEE9}.Release|x86.ActiveCfg = Release|Win32
		{7DCC411E-0F52-4232-8D74-84E5BE83DEE9}.Release|x86.Build.0 = Release|Win32
	EndGlobalSection
	GlobalSection(SolutionProperties) = preSolution
		HideSolutionNode = FALSE
	EndGlobalSection
	GlobalSection(ExtensibilityGlobals) = postSolution
		SolutionGuid = {5DACE33C-26F6-4537-A6AC-7BC6F080058E}
	EndGlobalSection
EndGlobal
